<Solution>
  <Configurations>
    <Platform Name="Any CPU" />
    <Platform Name="x64" />
    <Platform Name="x86" />
  </Configurations>
  <Project Path="TagSelecta.App/TagSelecta.App.csproj" />
  <Project Path="TagSelecta.Cli.Tests/TagSelecta.Cli.Tests.csproj" />
  <Project Path="TagSelecta.CliCommands/TagSelecta.CliCommands.csproj" />
  <Project Path="TagSelecta.Shared.Tests/TagSelecta.Shared.Tests.csproj" />
  <Project Path="TagSelecta.Shared/TagSelecta.Shared.csproj" />
  <Project Path="TagSelecta.TagDataActions/TagSelecta.TagDataActions.csproj" />
  <Project Path="TagSelecta.Tui/TagSelecta.Tui.csproj" />
</Solution>
