
Microsoft Visual Studio Solution File, Format Version 12.00
# Visual Studio Version 17
VisualStudioVersion = 17.0.31903.59
MinimumVisualStudioVersion = 10.0.40219.1
Project("{FAE04EC0-301F-11D3-BF4B-00C04F79EFBC}") = "TagSelecta.Cli", "TagSelecta.Cli\TagSelecta.Cli.csproj", "{7FC4035B-E70B-4C14-A264-F931F870C49C}"
EndProject
Project("{FAE04EC0-301F-11D3-BF4B-00C04F79EFBC}") = "TagSelecta.Cli.Tests", "TagSelecta.Cli.Tests\TagSelecta.Cli.Tests.csproj", "{F2769266-9C8D-46B5-8E52-6A9C218F689F}"
EndProject
Project("{FAE04EC0-301F-11D3-BF4B-00C04F79EFBC}") = "TagSelecta.Tagging", "TagSelecta.Tagging\TagSelecta.Tagging.csproj", "{E8B4F5E1-B7D9-4590-A933-E988C4F58ECE}"
EndProject
Project("{FAE04EC0-301F-11D3-BF4B-00C04F79EFBC}") = "TagSelecta.Shared", "TagSelecta.Shared\TagSelecta.Shared.csproj", "{75A747AB-0E3D-469B-8BFA-F10F12EDBA24}"
EndProject
Project("{FAE04EC0-301F-11D3-BF4B-00C04F79EFBC}") = "TagSelecta.Tagging.Tests", "TagSelecta.Tagging.Tests\TagSelecta.Tagging.Tests.csproj", "{F9732944-A295-4E68-B656-DAD7B46B3CA1}"
EndProject
Global
	GlobalSection(SolutionConfigurationPlatforms) = preSolution
		Debug|Any CPU = Debug|Any CPU
		Debug|x64 = Debug|x64
		Debug|x86 = Debug|x86
		Release|Any CPU = Release|Any CPU
		Release|x64 = Release|x64
		Release|x86 = Release|x86
	EndGlobalSection
	GlobalSection(ProjectConfigurationPlatforms) = postSolution
		{7FC4035B-E70B-4C14-A264-F931F870C49C}.Debug|Any CPU.ActiveCfg = Debug|Any CPU
		{7FC4035B-E70B-4C14-A264-F931F870C49C}.Debug|Any CPU.Build.0 = Debug|Any CPU
		{7FC4035B-E70B-4C14-A264-F931F870C49C}.Debug|x64.ActiveCfg = Debug|Any CPU
		{7FC4035B-E70B-4C14-A264-F931F870C49C}.Debug|x64.Build.0 = Debug|Any CPU
		{7FC4035B-E70B-4C14-A264-F931F870C49C}.Debug|x86.ActiveCfg = Debug|Any CPU
		{7FC4035B-E70B-4C14-A264-F931F870C49C}.Debug|x86.Build.0 = Debug|Any CPU
		{7FC4035B-E70B-4C14-A264-F931F870C49C}.Release|Any CPU.ActiveCfg = Release|Any CPU
		{7FC4035B-E70B-4C14-A264-F931F870C49C}.Release|Any CPU.Build.0 = Release|Any CPU
		{7FC4035B-E70B-4C14-A264-F931F870C49C}.Release|x64.ActiveCfg = Release|Any CPU
		{7FC4035B-E70B-4C14-A264-F931F870C49C}.Release|x64.Build.0 = Release|Any CPU
		{7FC4035B-E70B-4C14-A264-F931F870C49C}.Release|x86.ActiveCfg = Release|Any CPU
		{7FC4035B-E70B-4C14-A264-F931F870C49C}.Release|x86.Build.0 = Release|Any CPU
		{F2769266-9C8D-46B5-8E52-6A9C218F689F}.Debug|Any CPU.ActiveCfg = Debug|Any CPU
		{F2769266-9C8D-46B5-8E52-6A9C218F689F}.Debug|Any CPU.Build.0 = Debug|Any CPU
		{F2769266-9C8D-46B5-8E52-6A9C218F689F}.Debug|x64.ActiveCfg = Debug|Any CPU
		{F2769266-9C8D-46B5-8E52-6A9C218F689F}.Debug|x64.Build.0 = Debug|Any CPU
		{F2769266-9C8D-46B5-8E52-6A9C218F689F}.Debug|x86.ActiveCfg = Debug|Any CPU
		{F2769266-9C8D-46B5-8E52-6A9C218F689F}.Debug|x86.Build.0 = Debug|Any CPU
		{F2769266-9C8D-46B5-8E52-6A9C218F689F}.Release|Any CPU.ActiveCfg = Release|Any CPU
		{F2769266-9C8D-46B5-8E52-6A9C218F689F}.Release|Any CPU.Build.0 = Release|Any CPU
		{F2769266-9C8D-46B5-8E52-6A9C218F689F}.Release|x64.ActiveCfg = Release|Any CPU
		{F2769266-9C8D-46B5-8E52-6A9C218F689F}.Release|x64.Build.0 = Release|Any CPU
		{F2769266-9C8D-46B5-8E52-6A9C218F689F}.Release|x86.ActiveCfg = Release|Any CPU
		{F2769266-9C8D-46B5-8E52-6A9C218F689F}.Release|x86.Build.0 = Release|Any CPU
		{E8B4F5E1-B7D9-4590-A933-E988C4F58ECE}.Debug|Any CPU.ActiveCfg = Debug|Any CPU
		{E8B4F5E1-B7D9-4590-A933-E988C4F58ECE}.Debug|Any CPU.Build.0 = Debug|Any CPU
		{E8B4F5E1-B7D9-4590-A933-E988C4F58ECE}.Debug|x64.ActiveCfg = Debug|Any CPU
		{E8B4F5E1-B7D9-4590-A933-E988C4F58ECE}.Debug|x64.Build.0 = Debug|Any CPU
		{E8B4F5E1-B7D9-4590-A933-E988C4F58ECE}.Debug|x86.ActiveCfg = Debug|Any CPU
		{E8B4F5E1-B7D9-4590-A933-E988C4F58ECE}.Debug|x86.Build.0 = Debug|Any CPU
		{E8B4F5E1-B7D9-4590-A933-E988C4F58ECE}.Release|Any CPU.ActiveCfg = Release|Any CPU
		{E8B4F5E1-B7D9-4590-A933-E988C4F58ECE}.Release|Any CPU.Build.0 = Release|Any CPU
		{E8B4F5E1-B7D9-4590-A933-E988C4F58ECE}.Release|x64.ActiveCfg = Release|Any CPU
		{E8B4F5E1-B7D9-4590-A933-E988C4F58ECE}.Release|x64.Build.0 = Release|Any CPU
		{E8B4F5E1-B7D9-4590-A933-E988C4F58ECE}.Release|x86.ActiveCfg = Release|Any CPU
		{E8B4F5E1-B7D9-4590-A933-E988C4F58ECE}.Release|x86.Build.0 = Release|Any CPU
		{75A747AB-0E3D-469B-8BFA-F10F12EDBA24}.Debug|Any CPU.ActiveCfg = Debug|Any CPU
		{75A747AB-0E3D-469B-8BFA-F10F12EDBA24}.Debug|Any CPU.Build.0 = Debug|Any CPU
		{75A747AB-0E3D-469B-8BFA-F10F12EDBA24}.Debug|x64.ActiveCfg = Debug|Any CPU
		{75A747AB-0E3D-469B-8BFA-F10F12EDBA24}.Debug|x64.Build.0 = Debug|Any CPU
		{75A747AB-0E3D-469B-8BFA-F10F12EDBA24}.Debug|x86.ActiveCfg = Debug|Any CPU
		{75A747AB-0E3D-469B-8BFA-F10F12EDBA24}.Debug|x86.Build.0 = Debug|Any CPU
		{75A747AB-0E3D-469B-8BFA-F10F12EDBA24}.Release|Any CPU.ActiveCfg = Release|Any CPU
		{75A747AB-0E3D-469B-8BFA-F10F12EDBA24}.Release|Any CPU.Build.0 = Release|Any CPU
		{75A747AB-0E3D-469B-8BFA-F10F12EDBA24}.Release|x64.ActiveCfg = Release|Any CPU
		{75A747AB-0E3D-469B-8BFA-F10F12EDBA24}.Release|x64.Build.0 = Release|Any CPU
		{75A747AB-0E3D-469B-8BFA-F10F12EDBA24}.Release|x86.ActiveCfg = Release|Any CPU
		{75A747AB-0E3D-469B-8BFA-F10F12EDBA24}.Release|x86.Build.0 = Release|Any CPU
		{F9732944-A295-4E68-B656-DAD7B46B3CA1}.Debug|Any CPU.ActiveCfg = Debug|Any CPU
		{F9732944-A295-4E68-B656-DAD7B46B3CA1}.Debug|Any CPU.Build.0 = Debug|Any CPU
		{F9732944-A295-4E68-B656-DAD7B46B3CA1}.Debug|x64.ActiveCfg = Debug|Any CPU
		{F9732944-A295-4E68-B656-DAD7B46B3CA1}.Debug|x64.Build.0 = Debug|Any CPU
		{F9732944-A295-4E68-B656-DAD7B46B3CA1}.Debug|x86.ActiveCfg = Debug|Any CPU
		{F9732944-A295-4E68-B656-DAD7B46B3CA1}.Debug|x86.Build.0 = Debug|Any CPU
		{F9732944-A295-4E68-B656-DAD7B46B3CA1}.Release|Any CPU.ActiveCfg = Release|Any CPU
		{F9732944-A295-4E68-B656-DAD7B46B3CA1}.Release|Any CPU.Build.0 = Release|Any CPU
		{F9732944-A295-4E68-B656-DAD7B46B3CA1}.Release|x64.ActiveCfg = Release|Any CPU
		{F9732944-A295-4E68-B656-DAD7B46B3CA1}.Release|x64.Build.0 = Release|Any CPU
		{F9732944-A295-4E68-B656-DAD7B46B3CA1}.Release|x86.ActiveCfg = Release|Any CPU
		{F9732944-A295-4E68-B656-DAD7B46B3CA1}.Release|x86.Build.0 = Release|Any CPU
	EndGlobalSection
	GlobalSection(SolutionProperties) = preSolution
		HideSolutionNode = FALSE
	EndGlobalSection
EndGlobal
