<Solution>
  <Configurations>
    <Platform Name="Any CPU" />
    <Platform Name="x64" />
    <Platform Name="x86" />
  </Configurations>
  <Project Path="TagSelecta.App/TagSelecta.App.csproj" />
  <Project Path="TagSelecta.Commands.Tests/TagSelecta.Commands.Tests.csproj" />
  <Project Path="TagSelecta.Commands\TagSelecta.Commands.csproj" />
  <Project Path="TagSelecta.Shared.Tests/TagSelecta.Shared.Tests.csproj" />
  <Project Path="TagSelecta.Shared/TagSelecta.Shared.csproj" />
  <Project Path="TagSelecta.TagDataActions.Abstractions/TagSelecta.TagDataActions.Abstractions.csproj" />
  <Project Path="TagSelecta.TagDataActions.Tests\TagSelecta.TagDataActions.Tests.csproj" />
  <Project Path="TagSelecta.TagDataActions/TagSelecta.TagDataActions.csproj" />
</Solution>
